
Microsoft Visual Studio Solution File, Format Version 12.00
# Visual Studio Version 17
VisualStudioVersion = 17.10.35013.160
MinimumVisualStudioVersion = 10.0.40219.1
Project("{FAE04EC0-301F-11D3-BF4B-00C04F79EFBC}") = "midterm", "midterm\midterm.csproj", "{A9715290-32BF-4658-A3C0-C6BA51F2DCDC}"
EndProject
Global
	GlobalSection(SolutionConfigurationPlatforms) = preSolution
		Debug|Any CPU = Debug|Any CPU
		Release|Any CPU = Release|Any CPU
	EndGlobalSection
	GlobalSection(ProjectConfigurationPlatforms) = postSolution
		{A9715290-32BF-4658-A3C0-C6BA51F2DCDC}.Debug|Any CPU.ActiveCfg = Debug|Any CPU
		{A9715290-32BF-4658-A3C0-C6BA51F2DCDC}.Debug|Any CPU.Build.0 = Debug|Any CPU
		{A9715290-32BF-4658-A3C0-C6BA51F2DCDC}.Release|Any CPU.ActiveCfg = Release|Any CPU
		{A9715290-32BF-4658-A3C0-C6BA51F2DCDC}.Release|Any CPU.Build.0 = Release|Any CPU
	EndGlobalSection
	GlobalSection(SolutionProperties) = preSolution
		HideSolutionNode = FALSE
	EndGlobalSection
	GlobalSection(ExtensibilityGlobals) = postSolution
		SolutionGuid = {F2BF106A-8531-4787-BC36-535075922531}
	EndGlobalSection
EndGlobal
